// !$*UTF8*$!
{
	archiveVersion = 1;
	classes = {
	};
	objectVersion = 46;
	objects = {

/* Begin PBXBuildFile section */
		622FEFBC1448FE0C000C5E88 /* JUNEBUG_.ttf in Resources */ = {isa = PBXBuildFile; fileRef = 622FEFBA1448FE0C000C5E88 /* JUNEBUG_.ttf */; };
		622FEFBD1448FE0C000C5E88 /* Terminus.ttf in Resources */ = {isa = PBXBuildFile; fileRef = 622FEFBB1448FE0C000C5E88 /* Terminus.ttf */; };
		629337971448FB9700C2A949 /* UIKit.framework in Frameworks */ = {isa = PBXBuildFile; fileRef = 629337961448FB9700C2A949 /* UIKit.framework */; };
		629337991448FB9700C2A949 /* Foundation.framework in Frameworks */ = {isa = PBXBuildFile; fileRef = 629337981448FB9700C2A949 /* Foundation.framework */; };
		6293379B1448FB9700C2A949 /* CoreGraphics.framework in Frameworks */ = {isa = PBXBuildFile; fileRef = 6293379A1448FB9700C2A949 /* CoreGraphics.framework */; };
		629337A11448FB9700C2A949 /* InfoPlist.strings in Resources */ = {isa = PBXBuildFile; fileRef = 6293379F1448FB9700C2A949 /* InfoPlist.strings */; };
		629337A31448FB9700C2A949 /* main.m in Sources */ = {isa = PBXBuildFile; fileRef = 629337A21448FB9700C2A949 /* main.m */; };
		629337A71448FB9700C2A949 /* MHAppDelegate.m in Sources */ = {isa = PBXBuildFile; fileRef = 629337A61448FB9700C2A949 /* MHAppDelegate.m */; };
		629337AA1448FB9700C2A949 /* MHViewController.m in Sources */ = {isa = PBXBuildFile; fileRef = 629337A91448FB9700C2A949 /* MHViewController.m */; };
		629337AD1448FB9700C2A949 /* MHViewController.xib in Resources */ = {isa = PBXBuildFile; fileRef = 629337AB1448FB9700C2A949 /* MHViewController.xib */; };
/* End PBXBuildFile section */

/* Begin PBXFileReference section */
		622FEFBA1448FE0C000C5E88 /* JUNEBUG_.ttf */ = {isa = PBXFileReference; lastKnownFileType = file; path = JUNEBUG_.ttf; sourceTree = "<group>"; };
		622FEFBB1448FE0C000C5E88 /* Terminus.ttf */ = {isa = PBXFileReference; lastKnownFileType = file; path = Terminus.ttf; sourceTree = "<group>"; };
		629337921448FB9700C2A949 /* CustomFont.app */ = {isa = PBXFileReference; explicitFileType = wrapper.application; includeInIndex = 0; path = CustomFont.app; sourceTree = BUILT_PRODUCTS_DIR; };
		629337961448FB9700C2A949 /* UIKit.framework */ = {isa = PBXFileReference; lastKnownFileType = wrapper.framework; name = UIKit.framework; path = System/Library/Frameworks/UIKit.framework; sourceTree = SDKROOT; };
		629337981448FB9700C2A949 /* Foundation.framework */ = {isa = PBXFileReference; lastKnownFileType = wrapper.framework; name = Foundation.framework; path = System/Library/Frameworks/Foundation.framework; sourceTree = SDKROOT; };
		6293379A1448FB9700C2A949 /* CoreGraphics.framework */ = {isa = PBXFileReference; lastKnownFileType = wrapper.framework; name = CoreGraphics.framework; path = System/Library/Frameworks/CoreGraphics.framework; sourceTree = SDKROOT; };
		6293379E1448FB9700C2A949 /* CustomFont-Info.plist */ = {isa = PBXFileReference; lastKnownFileType = text.plist.xml; path = "CustomFont-Info.plist"; sourceTree = "<group>"; };
		629337A01448FB9700C2A949 /* en */ = {isa = PBXFileReference; lastKnownFileType = text.plist.strings; name = en; path = en.lproj/InfoPlist.strings; sourceTree = "<group>"; };
		629337A21448FB9700C2A949 /* main.m */ = {isa = PBXFileReference; lastKnownFileType = sourcecode.c.objc; path = main.m; sourceTree = "<group>"; };
		629337A41448FB9700C2A949 /* CustomFont-Prefix.pch */ = {isa = PBXFileReference; lastKnownFileType = sourcecode.c.h; path = "CustomFont-Prefix.pch"; sourceTree = "<group>"; };
		629337A51448FB9700C2A949 /* MHAppDelegate.h */ = {isa = PBXFileReference; lastKnownFileType = sourcecode.c.h; path = MHAppDelegate.h; sourceTree = "<group>"; };
		629337A61448FB9700C2A949 /* MHAppDelegate.m */ = {isa = PBXFileReference; lastKnownFileType = sourcecode.c.objc; path = MHAppDelegate.m; sourceTree = "<group>"; };
		629337A81448FB9700C2A949 /* MHViewController.h */ = {isa = PBXFileReference; lastKnownFileType = sourcecode.c.h; path = MHViewController.h; sourceTree = "<group>"; };
		629337A91448FB9700C2A949 /* MHViewController.m */ = {isa = PBXFileReference; lastKnownFileType = sourcecode.c.objc; path = MHViewController.m; sourceTree = "<group>"; };
		629337AC1448FB9700C2A949 /* en */ = {isa = PBXFileReference; lastKnownFileType = file.xib; name = en; path = en.lproj/MHViewController.xib; sourceTree = "<group>"; };
/* End PBXFileReference section */

/* Begin PBXFrameworksBuildPhase section */
		6293378F1448FB9700C2A949 /* Frameworks */ = {
			isa = PBXFrameworksBuildPhase;
			buildActionMask = 2147483647;
			files = (
				629337971448FB9700C2A949 /* UIKit.framework in Frameworks */,
				629337991448FB9700C2A949 /* Foundation.framework in Frameworks */,
				6293379B1448FB9700C2A949 /* CoreGraphics.framework in Frameworks */,
			);
			runOnlyForDeploymentPostprocessing = 0;
		};
/* End PBXFrameworksBuildPhase section */

/* Begin PBXGroup section */
		622FEFBF1448FE14000C5E88 /* fonts */ = {
			isa = PBXGroup;
			children = (
				622FEFBA1448FE0C000C5E88 /* JUNEBUG_.ttf */,
				622FEFBB1448FE0C000C5E88 /* Terminus.ttf */,
			);
			name = fonts;
			sourceTree = "<group>";
		};
		629337871448FB9700C2A949 = {
			isa = PBXGroup;
			children = (
				6293379C1448FB9700C2A949 /* CustomFont */,
				629337951448FB9700C2A949 /* Frameworks */,
				629337931448FB9700C2A949 /* Products */,
			);
			sourceTree = "<group>";
		};
		629337931448FB9700C2A949 /* Products */ = {
			isa = PBXGroup;
			children = (
				629337921448FB9700C2A949 /* CustomFont.app */,
			);
			name = Products;
			sourceTree = "<group>";
		};
		629337951448FB9700C2A949 /* Frameworks */ = {
			isa = PBXGroup;
			children = (
				629337961448FB9700C2A949 /* UIKit.framework */,
				629337981448FB9700C2A949 /* Foundation.framework */,
				6293379A1448FB9700C2A949 /* CoreGraphics.framework */,
			);
			name = Frameworks;
			sourceTree = "<group>";
		};
		6293379C1448FB9700C2A949 /* CustomFont */ = {
			isa = PBXGroup;
			children = (
				629337A51448FB9700C2A949 /* MHAppDelegate.h */,
				629337A61448FB9700C2A949 /* MHAppDelegate.m */,
				629337A81448FB9700C2A949 /* MHViewController.h */,
				629337A91448FB9700C2A949 /* MHViewController.m */,
				629337AB1448FB9700C2A949 /* MHViewController.xib */,
				6293379D1448FB9700C2A949 /* Supporting Files */,
			);
			path = CustomFont;
			sourceTree = "<group>";
		};
		6293379D1448FB9700C2A949 /* Supporting Files */ = {
			isa = PBXGroup;
			children = (
				622FEFBF1448FE14000C5E88 /* fonts */,
				6293379E1448FB9700C2A949 /* CustomFont-Info.plist */,
				6293379F1448FB9700C2A949 /* InfoPlist.strings */,
				629337A21448FB9700C2A949 /* main.m */,
				629337A41448FB9700C2A949 /* CustomFont-Prefix.pch */,
			);
			name = "Supporting Files";
			sourceTree = "<group>";
		};
/* End PBXGroup section */

/* Begin PBXNativeTarget section */
		629337911448FB9700C2A949 /* CustomFont */ = {
			isa = PBXNativeTarget;
			buildConfigurationList = 629337B01448FB9700C2A949 /* Build configuration list for PBXNativeTarget "CustomFont" */;
			buildPhases = (
				6293378E1448FB9700C2A949 /* Sources */,
				6293378F1448FB9700C2A949 /* Frameworks */,
				629337901448FB9700C2A949 /* Resources */,
			);
			buildRules = (
			);
			dependencies = (
			);
			name = CustomFont;
			productName = CustomFont;
			productReference = 629337921448FB9700C2A949 /* CustomFont.app */;
			productType = "com.apple.product-type.application";
		};
/* End PBXNativeTarget section */

/* Begin PBXProject section */
		629337891448FB9700C2A949 /* Project object */ = {
			isa = PBXProject;
			attributes = {
				LastUpgradeCheck = 0420;
			};
			buildConfigurationList = 6293378C1448FB9700C2A949 /* Build configuration list for PBXProject "CustomFont" */;
			compatibilityVersion = "Xcode 3.2";
			developmentRegion = English;
			hasScannedForEncodings = 0;
			knownRegions = (
				en,
			);
			mainGroup = 629337871448FB9700C2A949;
			productRefGroup = 629337931448FB9700C2A949 /* Products */;
			projectDirPath = "";
			projectRoot = "";
			targets = (
				629337911448FB9700C2A949 /* CustomFont */,
			);
		};
/* End PBXProject section */

/* Begin PBXResourcesBuildPhase section */
		629337901448FB9700C2A949 /* Resources */ = {
			isa = PBXResourcesBuildPhase;
			buildActionMask = 2147483647;
			files = (
				629337A11448FB9700C2A949 /* InfoPlist.strings in Resources */,
				629337AD1448FB9700C2A949 /* MHViewController.xib in Resources */,
				622FEFBC1448FE0C000C5E88 /* JUNEBUG_.ttf in Resources */,
				622FEFBD1448FE0C000C5E88 /* Terminus.ttf in Resources */,
			);
			runOnlyForDeploymentPostprocessing = 0;
		};
/* End PBXResourcesBuildPhase section */

/* Begin PBXSourcesBuildPhase section */
		6293378E1448FB9700C2A949 /* Sources */ = {
			isa = PBXSourcesBuildPhase;
			buildActionMask = 2147483647;
			files = (
				629337A31448FB9700C2A949 /* main.m in Sources */,
				629337A71448FB9700C2A949 /* MHAppDelegate.m in Sources */,
				629337AA1448FB9700C2A949 /* MHViewController.m in Sources */,
			);
			runOnlyForDeploymentPostprocessing = 0;
		};
/* End PBXSourcesBuildPhase section */

/* Begin PBXVariantGroup section */
		6293379F1448FB9700C2A949 /* InfoPlist.strings */ = {
			isa = PBXVariantGroup;
			children = (
				629337A01448FB9700C2A949 /* en */,
			);
			name = InfoPlist.strings;
			sourceTree = "<group>";
		};
		629337AB1448FB9700C2A949 /* MHViewController.xib */ = {
			isa = PBXVariantGroup;
			children = (
				629337AC1448FB9700C2A949 /* en */,
			);
			name = MHViewController.xib;
			sourceTree = "<group>";
		};
/* End PBXVariantGroup section */

/* Begin XCBuildConfiguration section */
		629337AE1448FB9700C2A949 /* Debug */ = {
			isa = XCBuildConfiguration;
			buildSettings = {
				ALWAYS_SEARCH_USER_PATHS = NO;
				ARCHS = "$(ARCHS_STANDARD_32_BIT)";
				CLANG_ENABLE_OBJC_ARC = YES;
				"CODE_SIGN_IDENTITY[sdk=iphoneos*]" = "iPhone Developer";
				COPY_PHASE_STRIP = NO;
				GCC_C_LANGUAGE_STANDARD = gnu99;
				GCC_DYNAMIC_NO_PIC = NO;
				GCC_OPTIMIZATION_LEVEL = 0;
				GCC_PREPROCESSOR_DEFINITIONS = (
					"DEBUG=1",
					"$(inherited)",
				);
				GCC_SYMBOLS_PRIVATE_EXTERN = NO;
				GCC_VERSION = com.apple.compilers.llvm.clang.1_0;
				GCC_WARN_ABOUT_MISSING_PROTOTYPES = YES;
				GCC_WARN_ABOUT_RETURN_TYPE = YES;
				GCC_WARN_UNUSED_VARIABLE = YES;
				IPHONEOS_DEPLOYMENT_TARGET = 5.0;
				SDKROOT = iphoneos;
			};
			name = Debug;
		};
		629337AF1448FB9700C2A949 /* Release */ = {
			isa = XCBuildConfiguration;
			buildSettings = {
				ALWAYS_SEARCH_USER_PATHS = NO;
				ARCHS = "$(ARCHS_STANDARD_32_BIT)";
				CLANG_ENABLE_OBJC_ARC = YES;
				"CODE_SIGN_IDENTITY[sdk=iphoneos*]" = "iPhone Developer";
				COPY_PHASE_STRIP = YES;
				GCC_C_LANGUAGE_STANDARD = gnu99;
				GCC_VERSION = com.apple.compilers.llvm.clang.1_0;
				GCC_WARN_ABOUT_MISSING_PROTOTYPES = YES;
				GCC_WARN_ABOUT_RETURN_TYPE = YES;
				GCC_WARN_UNUSED_VARIABLE = YES;
				IPHONEOS_DEPLOYMENT_TARGET = 5.0;
				OTHER_CFLAGS = "-DNS_BLOCK_ASSERTIONS=1";
				SDKROOT = iphoneos;
				VALIDATE_PRODUCT = YES;
			};
			name = Release;
		};
		629337B11448FB9700C2A949 /* Debug */ = {
			isa = XCBuildConfiguration;
			buildSettings = {
				GCC_PRECOMPILE_PREFIX_HEADER = YES;
				GCC_PREFIX_HEADER = "CustomFont/CustomFont-Prefix.pch";
				INFOPLIST_FILE = "CustomFont/CustomFont-Info.plist";
				PRODUCT_NAME = "$(TARGET_NAME)";
				WRAPPER_EXTENSION = app;
			};
			name = Debug;
		};
		629337B21448FB9700C2A949 /* Release */ = {
			isa = XCBuildConfiguration;
			buildSettings = {
				GCC_PRECOMPILE_PREFIX_HEADER = YES;
				GCC_PREFIX_HEADER = "CustomFont/CustomFont-Prefix.pch";
				INFOPLIST_FILE = "CustomFont/CustomFont-Info.plist";
				PRODUCT_NAME = "$(TARGET_NAME)";
				WRAPPER_EXTENSION = app;
			};
			name = Release;
		};
/* End XCBuildConfiguration section */

/* Begin XCConfigurationList section */
		6293378C1448FB9700C2A949 /* Build configuration list for PBXProject "CustomFont" */ = {
			isa = XCConfigurationList;
			buildConfigurations = (
				629337AE1448FB9700C2A949 /* Debug */,
				629337AF1448FB9700C2A949 /* Release */,
			);
			defaultConfigurationIsVisible = 0;
			defaultConfigurationName = Release;
		};
		629337B01448FB9700C2A949 /* Build configuration list for PBXNativeTarget "CustomFont" */ = {
			isa = XCConfigurationList;
			buildConfigurations = (
				629337B11448FB9700C2A949 /* Debug */,
				629337B21448FB9700C2A949 /* Release */,
			);
			defaultConfigurationIsVisible = 0;
			defaultConfigurationName = Release;
		};
/* End XCConfigurationList section */
	};
	rootObject = 629337891448FB9700C2A949 /* Project object */;
}
