// !$*UTF8*$!
{
	archiveVersion = 1;
	classes = {
	};
	objectVersion = 46;
	objects = {

/* Begin PBXBuildFile section */
		62159DFF1422D35F001B858B /* UIKit.framework in Frameworks */ = {isa = PBXBuildFile; fileRef = 62159DFE1422D35F001B858B /* UIKit.framework */; };
		62159E011422D35F001B858B /* Foundation.framework in Frameworks */ = {isa = PBXBuildFile; fileRef = 62159E001422D35F001B858B /* Foundation.framework */; };
		62159E031422D35F001B858B /* CoreGraphics.framework in Frameworks */ = {isa = PBXBuildFile; fileRef = 62159E021422D35F001B858B /* CoreGraphics.framework */; };
		62159E091422D35F001B858B /* InfoPlist.strings in Resources */ = {isa = PBXBuildFile; fileRef = 62159E071422D35F001B858B /* InfoPlist.strings */; };
		62159E0B1422D35F001B858B /* main.m in Sources */ = {isa = PBXBuildFile; fileRef = 62159E0A1422D35F001B858B /* main.m */; };
		62159E0F1422D35F001B858B /* AppDelegate.m in Sources */ = {isa = PBXBuildFile; fileRef = 62159E0E1422D35F001B858B /* AppDelegate.m */; };
		62159E211422D655001B858B /* ItemsViewController.m in Sources */ = {isa = PBXBuildFile; fileRef = 62159E201422D655001B858B /* ItemsViewController.m */; };
		62240BA3142AB1DA00AAC9AE /* ItemDetailsViewController.m in Sources */ = {isa = PBXBuildFile; fileRef = 62240BA1142AB1DA00AAC9AE /* ItemDetailsViewController.m */; };
		62240BA4142AB1DA00AAC9AE /* ItemDetailsViewController.xib in Resources */ = {isa = PBXBuildFile; fileRef = 62240BA2142AB1DA00AAC9AE /* ItemDetailsViewController.xib */; };
		6241E8F31422F8A60008C49F /* _Posession.m in Sources */ = {isa = PBXBuildFile; fileRef = 6241E8F21422F8A60008C49F /* _Posession.m */; };
		6241E8F71422F9730008C49F /* PosessionStore.m in Sources */ = {isa = PBXBuildFile; fileRef = 6241E8F61422F9730008C49F /* PosessionStore.m */; };
		625CECD8142E7F53002EDF31 /* ImageStore.m in Sources */ = {isa = PBXBuildFile; fileRef = 625CECD7142E7F53002EDF31 /* ImageStore.m */; };
		62B922E5166A7B7800354FBD /* HomepwnerItemCell.m in Sources */ = {isa = PBXBuildFile; fileRef = 62B922E4166A7B7800354FBD /* HomepwnerItemCell.m */; };
		9B11125116760C4C00394D96 /* CoreData.framework in Frameworks */ = {isa = PBXBuildFile; fileRef = 9B11125016760C4C00394D96 /* CoreData.framework */; };
		9B11125516760D0C00394D96 /* Model.xcdatamodeld in Sources */ = {isa = PBXBuildFile; fileRef = 9B11125316760D0C00394D96 /* Model.xcdatamodeld */; };
		9B1112581676172900394D96 /* Posession.m in Sources */ = {isa = PBXBuildFile; fileRef = 9B1112571676172900394D96 /* Posession.m */; };
/* End PBXBuildFile section */

/* Begin PBXFileReference section */
		62159DFA1422D35F001B858B /* Homepwner.app */ = {isa = PBXFileReference; explicitFileType = wrapper.application; includeInIndex = 0; path = Homepwner.app; sourceTree = BUILT_PRODUCTS_DIR; };
		62159DFE1422D35F001B858B /* UIKit.framework */ = {isa = PBXFileReference; lastKnownFileType = wrapper.framework; name = UIKit.framework; path = System/Library/Frameworks/UIKit.framework; sourceTree = SDKROOT; };
		62159E001422D35F001B858B /* Foundation.framework */ = {isa = PBXFileReference; lastKnownFileType = wrapper.framework; name = Foundation.framework; path = System/Library/Frameworks/Foundation.framework; sourceTree = SDKROOT; };
		62159E021422D35F001B858B /* CoreGraphics.framework */ = {isa = PBXFileReference; lastKnownFileType = wrapper.framework; name = CoreGraphics.framework; path = System/Library/Frameworks/CoreGraphics.framework; sourceTree = SDKROOT; };
		62159E061422D35F001B858B /* Homepwner-Info.plist */ = {isa = PBXFileReference; lastKnownFileType = text.plist.xml; path = "Homepwner-Info.plist"; sourceTree = "<group>"; };
		62159E081422D35F001B858B /* en */ = {isa = PBXFileReference; lastKnownFileType = text.plist.strings; name = en; path = en.lproj/InfoPlist.strings; sourceTree = "<group>"; };
		62159E0A1422D35F001B858B /* main.m */ = {isa = PBXFileReference; lastKnownFileType = sourcecode.c.objc; path = main.m; sourceTree = "<group>"; };
		62159E0C1422D35F001B858B /* Homepwner-Prefix.pch */ = {isa = PBXFileReference; lastKnownFileType = sourcecode.c.h; path = "Homepwner-Prefix.pch"; sourceTree = "<group>"; };
		62159E0D1422D35F001B858B /* AppDelegate.h */ = {isa = PBXFileReference; lastKnownFileType = sourcecode.c.h; path = AppDelegate.h; sourceTree = "<group>"; };
		62159E0E1422D35F001B858B /* AppDelegate.m */ = {isa = PBXFileReference; lastKnownFileType = sourcecode.c.objc; path = AppDelegate.m; sourceTree = "<group>"; };
		62159E1F1422D655001B858B /* ItemsViewController.h */ = {isa = PBXFileReference; fileEncoding = 4; lastKnownFileType = sourcecode.c.h; path = ItemsViewController.h; sourceTree = "<group>"; };
		62159E201422D655001B858B /* ItemsViewController.m */ = {isa = PBXFileReference; fileEncoding = 4; lastKnownFileType = sourcecode.c.objc; path = ItemsViewController.m; sourceTree = "<group>"; };
		62240BA0142AB1DA00AAC9AE /* ItemDetailsViewController.h */ = {isa = PBXFileReference; fileEncoding = 4; lastKnownFileType = sourcecode.c.h; path = ItemDetailsViewController.h; sourceTree = "<group>"; };
		62240BA1142AB1DA00AAC9AE /* ItemDetailsViewController.m */ = {isa = PBXFileReference; fileEncoding = 4; lastKnownFileType = sourcecode.c.objc; path = ItemDetailsViewController.m; sourceTree = "<group>"; };
		62240BA2142AB1DA00AAC9AE /* ItemDetailsViewController.xib */ = {isa = PBXFileReference; fileEncoding = 4; lastKnownFileType = file.xib; path = ItemDetailsViewController.xib; sourceTree = "<group>"; };
		6241E8F11422F8A60008C49F /* _Posession.h */ = {isa = PBXFileReference; fileEncoding = 4; lastKnownFileType = sourcecode.c.h; path = _Posession.h; sourceTree = "<group>"; };
		6241E8F21422F8A60008C49F /* _Posession.m */ = {isa = PBXFileReference; fileEncoding = 4; lastKnownFileType = sourcecode.c.objc; path = _Posession.m; sourceTree = "<group>"; };
		6241E8F51422F9730008C49F /* PosessionStore.h */ = {isa = PBXFileReference; fileEncoding = 4; lastKnownFileType = sourcecode.c.h; path = PosessionStore.h; sourceTree = "<group>"; };
		6241E8F61422F9730008C49F /* PosessionStore.m */ = {isa = PBXFileReference; fileEncoding = 4; lastKnownFileType = sourcecode.c.objc; path = PosessionStore.m; sourceTree = "<group>"; };
		625CECD6142E7F53002EDF31 /* ImageStore.h */ = {isa = PBXFileReference; fileEncoding = 4; lastKnownFileType = sourcecode.c.h; path = ImageStore.h; sourceTree = "<group>"; };
		625CECD7142E7F53002EDF31 /* ImageStore.m */ = {isa = PBXFileReference; fileEncoding = 4; lastKnownFileType = sourcecode.c.objc; path = ImageStore.m; sourceTree = "<group>"; };
		62B922E3166A7B7800354FBD /* HomepwnerItemCell.h */ = {isa = PBXFileReference; fileEncoding = 4; lastKnownFileType = sourcecode.c.h; path = HomepwnerItemCell.h; sourceTree = "<group>"; };
		62B922E4166A7B7800354FBD /* HomepwnerItemCell.m */ = {isa = PBXFileReference; fileEncoding = 4; lastKnownFileType = sourcecode.c.objc; path = HomepwnerItemCell.m; sourceTree = "<group>"; };
		9B11125016760C4C00394D96 /* CoreData.framework */ = {isa = PBXFileReference; lastKnownFileType = wrapper.framework; name = CoreData.framework; path = System/Library/Frameworks/CoreData.framework; sourceTree = SDKROOT; };
		9B11125416760D0C00394D96 /* Model.xcdatamodel */ = {isa = PBXFileReference; lastKnownFileType = wrapper.xcdatamodel; path = Model.xcdatamodel; sourceTree = "<group>"; };
		9B1112561676172900394D96 /* Posession.h */ = {isa = PBXFileReference; fileEncoding = 4; lastKnownFileType = sourcecode.c.h; path = Posession.h; sourceTree = "<group>"; };
		9B1112571676172900394D96 /* Posession.m */ = {isa = PBXFileReference; fileEncoding = 4; lastKnownFileType = sourcecode.c.objc; path = Posession.m; sourceTree = "<group>"; };
/* End PBXFileReference section */

/* Begin PBXFrameworksBuildPhase section */
		62159DF71422D35F001B858B /* Frameworks */ = {
			isa = PBXFrameworksBuildPhase;
			buildActionMask = 2147483647;
			files = (
				9B11125116760C4C00394D96 /* CoreData.framework in Frameworks */,
				62159DFF1422D35F001B858B /* UIKit.framework in Frameworks */,
				62159E011422D35F001B858B /* Foundation.framework in Frameworks */,
				62159E031422D35F001B858B /* CoreGraphics.framework in Frameworks */,
			);
			runOnlyForDeploymentPostprocessing = 0;
		};
/* End PBXFrameworksBuildPhase section */

/* Begin PBXGroup section */
		62159DEF1422D35F001B858B = {
			isa = PBXGroup;
			children = (
				9B11125016760C4C00394D96 /* CoreData.framework */,
				62159E041422D35F001B858B /* Homepwner */,
				62159DFD1422D35F001B858B /* Frameworks */,
				62159DFB1422D35F001B858B /* Products */,
			);
			sourceTree = "<group>";
		};
		62159DFB1422D35F001B858B /* Products */ = {
			isa = PBXGroup;
			children = (
				62159DFA1422D35F001B858B /* Homepwner.app */,
			);
			name = Products;
			sourceTree = "<group>";
		};
		62159DFD1422D35F001B858B /* Frameworks */ = {
			isa = PBXGroup;
			children = (
				62159DFE1422D35F001B858B /* UIKit.framework */,
				62159E001422D35F001B858B /* Foundation.framework */,
				62159E021422D35F001B858B /* CoreGraphics.framework */,
			);
			name = Frameworks;
			sourceTree = "<group>";
		};
		62159E041422D35F001B858B /* Homepwner */ = {
			isa = PBXGroup;
			children = (
				6241E8F11422F8A60008C49F /* _Posession.h */,
				6241E8F21422F8A60008C49F /* _Posession.m */,
				9B1112561676172900394D96 /* Posession.h */,
				9B1112571676172900394D96 /* Posession.m */,
				6241E8F51422F9730008C49F /* PosessionStore.h */,
				6241E8F61422F9730008C49F /* PosessionStore.m */,
				62159E0D1422D35F001B858B /* AppDelegate.h */,
				62159E0E1422D35F001B858B /* AppDelegate.m */,
				625CECD6142E7F53002EDF31 /* ImageStore.h */,
				625CECD7142E7F53002EDF31 /* ImageStore.m */,
				62159E1F1422D655001B858B /* ItemsViewController.h */,
				62159E201422D655001B858B /* ItemsViewController.m */,
				62240BA0142AB1DA00AAC9AE /* ItemDetailsViewController.h */,
				62240BA1142AB1DA00AAC9AE /* ItemDetailsViewController.m */,
				62240BA2142AB1DA00AAC9AE /* ItemDetailsViewController.xib */,
				62159E051422D35F001B858B /* Supporting Files */,
				62B922E3166A7B7800354FBD /* HomepwnerItemCell.h */,
				62B922E4166A7B7800354FBD /* HomepwnerItemCell.m */,
			);
			path = Homepwner;
			sourceTree = "<group>";
		};
		62159E051422D35F001B858B /* Supporting Files */ = {
			isa = PBXGroup;
			children = (
				9B11125316760D0C00394D96 /* Model.xcdatamodeld */,
				62159E061422D35F001B858B /* Homepwner-Info.plist */,
				62159E071422D35F001B858B /* InfoPlist.strings */,
				62159E0A1422D35F001B858B /* main.m */,
				62159E0C1422D35F001B858B /* Homepwner-Prefix.pch */,
			);
			name = "Supporting Files";
			sourceTree = "<group>";
		};
/* End PBXGroup section */

/* Begin PBXNativeTarget section */
		62159DF91422D35F001B858B /* Homepwner */ = {
			isa = PBXNativeTarget;
			buildConfigurationList = 62159E181422D35F001B858B /* Build configuration list for PBXNativeTarget "Homepwner" */;
			buildPhases = (
				62159DF61422D35F001B858B /* Sources */,
				62159DF71422D35F001B858B /* Frameworks */,
				62159DF81422D35F001B858B /* Resources */,
			);
			buildRules = (
			);
			dependencies = (
			);
			name = Homepwner;
			productName = Homepwner;
			productReference = 62159DFA1422D35F001B858B /* Homepwner.app */;
			productType = "com.apple.product-type.application";
		};
/* End PBXNativeTarget section */

/* Begin PBXProject section */
		62159DF11422D35F001B858B /* Project object */ = {
			isa = PBXProject;
			attributes = {
				LastUpgradeCheck = 0420;
			};
			buildConfigurationList = 62159DF41422D35F001B858B /* Build configuration list for PBXProject "Homepwner" */;
			compatibilityVersion = "Xcode 3.2";
			developmentRegion = English;
			hasScannedForEncodings = 0;
			knownRegions = (
				en,
			);
			mainGroup = 62159DEF1422D35F001B858B;
			productRefGroup = 62159DFB1422D35F001B858B /* Products */;
			projectDirPath = "";
			projectRoot = "";
			targets = (
				62159DF91422D35F001B858B /* Homepwner */,
			);
		};
/* End PBXProject section */

/* Begin PBXResourcesBuildPhase section */
		62159DF81422D35F001B858B /* Resources */ = {
			isa = PBXResourcesBuildPhase;
			buildActionMask = 2147483647;
			files = (
				62159E091422D35F001B858B /* InfoPlist.strings in Resources */,
				62240BA4142AB1DA00AAC9AE /* ItemDetailsViewController.xib in Resources */,
			);
			runOnlyForDeploymentPostprocessing = 0;
		};
/* End PBXResourcesBuildPhase section */

/* Begin PBXSourcesBuildPhase section */
		62159DF61422D35F001B858B /* Sources */ = {
			isa = PBXSourcesBuildPhase;
			buildActionMask = 2147483647;
			files = (
				62159E0B1422D35F001B858B /* main.m in Sources */,
				62159E0F1422D35F001B858B /* AppDelegate.m in Sources */,
				62159E211422D655001B858B /* ItemsViewController.m in Sources */,
				6241E8F31422F8A60008C49F /* _Posession.m in Sources */,
				6241E8F71422F9730008C49F /* PosessionStore.m in Sources */,
				62240BA3142AB1DA00AAC9AE /* ItemDetailsViewController.m in Sources */,
				625CECD8142E7F53002EDF31 /* ImageStore.m in Sources */,
				62B922E5166A7B7800354FBD /* HomepwnerItemCell.m in Sources */,
				9B11125516760D0C00394D96 /* Model.xcdatamodeld in Sources */,
				9B1112581676172900394D96 /* Posession.m in Sources */,
			);
			runOnlyForDeploymentPostprocessing = 0;
		};
/* End PBXSourcesBuildPhase section */

/* Begin PBXVariantGroup section */
		62159E071422D35F001B858B /* InfoPlist.strings */ = {
			isa = PBXVariantGroup;
			children = (
				62159E081422D35F001B858B /* en */,
			);
			name = InfoPlist.strings;
			sourceTree = "<group>";
		};
/* End PBXVariantGroup section */

/* Begin XCBuildConfiguration section */
		62159E161422D35F001B858B /* Debug */ = {
			isa = XCBuildConfiguration;
			buildSettings = {
				ALWAYS_SEARCH_USER_PATHS = NO;
				ARCHS = "$(ARCHS_STANDARD_32_BIT)";
				CLANG_ENABLE_OBJC_ARC = YES;
				"CODE_SIGN_IDENTITY[sdk=iphoneos*]" = "iPhone Developer";
				COPY_PHASE_STRIP = NO;
				GCC_C_LANGUAGE_STANDARD = gnu99;
				GCC_DYNAMIC_NO_PIC = NO;
				GCC_OPTIMIZATION_LEVEL = 0;
				GCC_PREPROCESSOR_DEFINITIONS = (
					"DEBUG=1",
					"$(inherited)",
				);
				GCC_SYMBOLS_PRIVATE_EXTERN = NO;
				GCC_VERSION = com.apple.compilers.llvm.clang.1_0;
				GCC_WARN_ABOUT_MISSING_PROTOTYPES = YES;
				GCC_WARN_ABOUT_RETURN_TYPE = YES;
				GCC_WARN_UNUSED_VARIABLE = YES;
				IPHONEOS_DEPLOYMENT_TARGET = 5.0;
				SDKROOT = iphoneos;
			};
			name = Debug;
		};
		62159E171422D35F001B858B /* Release */ = {
			isa = XCBuildConfiguration;
			buildSettings = {
				ALWAYS_SEARCH_USER_PATHS = NO;
				ARCHS = "$(ARCHS_STANDARD_32_BIT)";
				CLANG_ENABLE_OBJC_ARC = YES;
				"CODE_SIGN_IDENTITY[sdk=iphoneos*]" = "iPhone Developer";
				COPY_PHASE_STRIP = YES;
				GCC_C_LANGUAGE_STANDARD = gnu99;
				GCC_VERSION = com.apple.compilers.llvm.clang.1_0;
				GCC_WARN_ABOUT_MISSING_PROTOTYPES = YES;
				GCC_WARN_ABOUT_RETURN_TYPE = YES;
				GCC_WARN_UNUSED_VARIABLE = YES;
				IPHONEOS_DEPLOYMENT_TARGET = 5.0;
				OTHER_CFLAGS = "-DNS_BLOCK_ASSERTIONS=1";
				SDKROOT = iphoneos;
				VALIDATE_PRODUCT = YES;
			};
			name = Release;
		};
		62159E191422D35F001B858B /* Debug */ = {
			isa = XCBuildConfiguration;
			buildSettings = {
				GCC_PRECOMPILE_PREFIX_HEADER = YES;
				GCC_PREFIX_HEADER = "Homepwner/Homepwner-Prefix.pch";
				INFOPLIST_FILE = "Homepwner/Homepwner-Info.plist";
				IPHONEOS_DEPLOYMENT_TARGET = 5.0;
				PRODUCT_NAME = "$(TARGET_NAME)";
				TARGETED_DEVICE_FAMILY = "1,2";
				WRAPPER_EXTENSION = app;
			};
			name = Debug;
		};
		62159E1A1422D35F001B858B /* Release */ = {
			isa = XCBuildConfiguration;
			buildSettings = {
				GCC_PRECOMPILE_PREFIX_HEADER = YES;
				GCC_PREFIX_HEADER = "Homepwner/Homepwner-Prefix.pch";
				INFOPLIST_FILE = "Homepwner/Homepwner-Info.plist";
				IPHONEOS_DEPLOYMENT_TARGET = 5.0;
				PRODUCT_NAME = "$(TARGET_NAME)";
				TARGETED_DEVICE_FAMILY = "1,2";
				WRAPPER_EXTENSION = app;
			};
			name = Release;
		};
/* End XCBuildConfiguration section */

/* Begin XCConfigurationList section */
		62159DF41422D35F001B858B /* Build configuration list for PBXProject "Homepwner" */ = {
			isa = XCConfigurationList;
			buildConfigurations = (
				62159E161422D35F001B858B /* Debug */,
				62159E171422D35F001B858B /* Release */,
			);
			defaultConfigurationIsVisible = 0;
			defaultConfigurationName = Release;
		};
		62159E181422D35F001B858B /* Build configuration list for PBXNativeTarget "Homepwner" */ = {
			isa = XCConfigurationList;
			buildConfigurations = (
				62159E191422D35F001B858B /* Debug */,
				62159E1A1422D35F001B858B /* Release */,
			);
			defaultConfigurationIsVisible = 0;
			defaultConfigurationName = Release;
		};
/* End XCConfigurationList section */

/* Begin XCVersionGroup section */
		9B11125316760D0C00394D96 /* Model.xcdatamodeld */ = {
			isa = XCVersionGroup;
			children = (
				9B11125416760D0C00394D96 /* Model.xcdatamodel */,
			);
			currentVersion = 9B11125416760D0C00394D96 /* Model.xcdatamodel */;
			path = Model.xcdatamodeld;
			sourceTree = "<group>";
			versionGroupType = wrapper.xcdatamodel;
		};
/* End XCVersionGroup section */
	};
	rootObject = 62159DF11422D35F001B858B /* Project object */;
}
