// !$*UTF8*$!
{
	archiveVersion = 1;
	classes = {
	};
	objectVersion = 46;
	objects = {

/* Begin PBXBuildFile section */
		62F437EE1517FE71004A3A03 /* UIKit.framework in Frameworks */ = {isa = PBXBuildFile; fileRef = 62F437ED1517FE71004A3A03 /* UIKit.framework */; };
		62F437F01517FE71004A3A03 /* Foundation.framework in Frameworks */ = {isa = PBXBuildFile; fileRef = 62F437EF1517FE71004A3A03 /* Foundation.framework */; };
		62F437F21517FE71004A3A03 /* CoreGraphics.framework in Frameworks */ = {isa = PBXBuildFile; fileRef = 62F437F11517FE71004A3A03 /* CoreGraphics.framework */; };
		62F437F81517FE71004A3A03 /* InfoPlist.strings in Resources */ = {isa = PBXBuildFile; fileRef = 62F437F61517FE71004A3A03 /* InfoPlist.strings */; };
		62F437FA1517FE71004A3A03 /* main.m in Sources */ = {isa = PBXBuildFile; fileRef = 62F437F91517FE71004A3A03 /* main.m */; };
		62F437FE1517FE71004A3A03 /* MHAppDelegate.m in Sources */ = {isa = PBXBuildFile; fileRef = 62F437FD1517FE71004A3A03 /* MHAppDelegate.m */; };
/* End PBXBuildFile section */

/* Begin PBXFileReference section */
		62F437E91517FE71004A3A03 /* LoadImageFromBundle_WithIBWindow.app */ = {isa = PBXFileReference; explicitFileType = wrapper.application; includeInIndex = 0; path = LoadImageFromBundle_WithIBWindow.app; sourceTree = BUILT_PRODUCTS_DIR; };
		62F437ED1517FE71004A3A03 /* UIKit.framework */ = {isa = PBXFileReference; lastKnownFileType = wrapper.framework; name = UIKit.framework; path = System/Library/Frameworks/UIKit.framework; sourceTree = SDKROOT; };
		62F437EF1517FE71004A3A03 /* Foundation.framework */ = {isa = PBXFileReference; lastKnownFileType = wrapper.framework; name = Foundation.framework; path = System/Library/Frameworks/Foundation.framework; sourceTree = SDKROOT; };
		62F437F11517FE71004A3A03 /* CoreGraphics.framework */ = {isa = PBXFileReference; lastKnownFileType = wrapper.framework; name = CoreGraphics.framework; path = System/Library/Frameworks/CoreGraphics.framework; sourceTree = SDKROOT; };
		62F437F51517FE71004A3A03 /* LoadImageFromBundle_WithIBWindow-Info.plist */ = {isa = PBXFileReference; lastKnownFileType = text.plist.xml; path = "LoadImageFromBundle_WithIBWindow-Info.plist"; sourceTree = "<group>"; };
		62F437F71517FE71004A3A03 /* en */ = {isa = PBXFileReference; lastKnownFileType = text.plist.strings; name = en; path = en.lproj/InfoPlist.strings; sourceTree = "<group>"; };
		62F437F91517FE71004A3A03 /* main.m */ = {isa = PBXFileReference; lastKnownFileType = sourcecode.c.objc; path = main.m; sourceTree = "<group>"; };
		62F437FB1517FE71004A3A03 /* LoadImageFromBundle_WithIBWindow-Prefix.pch */ = {isa = PBXFileReference; lastKnownFileType = sourcecode.c.h; path = "LoadImageFromBundle_WithIBWindow-Prefix.pch"; sourceTree = "<group>"; };
		62F437FC1517FE71004A3A03 /* MHAppDelegate.h */ = {isa = PBXFileReference; lastKnownFileType = sourcecode.c.h; path = MHAppDelegate.h; sourceTree = "<group>"; };
		62F437FD1517FE71004A3A03 /* MHAppDelegate.m */ = {isa = PBXFileReference; lastKnownFileType = sourcecode.c.objc; path = MHAppDelegate.m; sourceTree = "<group>"; };
/* End PBXFileReference section */

/* Begin PBXFrameworksBuildPhase section */
		62F437E61517FE71004A3A03 /* Frameworks */ = {
			isa = PBXFrameworksBuildPhase;
			buildActionMask = 2147483647;
			files = (
				62F437EE1517FE71004A3A03 /* UIKit.framework in Frameworks */,
				62F437F01517FE71004A3A03 /* Foundation.framework in Frameworks */,
				62F437F21517FE71004A3A03 /* CoreGraphics.framework in Frameworks */,
			);
			runOnlyForDeploymentPostprocessing = 0;
		};
/* End PBXFrameworksBuildPhase section */

/* Begin PBXGroup section */
		62F437DE1517FE70004A3A03 = {
			isa = PBXGroup;
			children = (
				62F437F31517FE71004A3A03 /* LoadImageFromBundle_WithIBWindow */,
				62F437EC1517FE71004A3A03 /* Frameworks */,
				62F437EA1517FE71004A3A03 /* Products */,
			);
			sourceTree = "<group>";
		};
		62F437EA1517FE71004A3A03 /* Products */ = {
			isa = PBXGroup;
			children = (
				62F437E91517FE71004A3A03 /* LoadImageFromBundle_WithIBWindow.app */,
			);
			name = Products;
			sourceTree = "<group>";
		};
		62F437EC1517FE71004A3A03 /* Frameworks */ = {
			isa = PBXGroup;
			children = (
				62F437ED1517FE71004A3A03 /* UIKit.framework */,
				62F437EF1517FE71004A3A03 /* Foundation.framework */,
				62F437F11517FE71004A3A03 /* CoreGraphics.framework */,
			);
			name = Frameworks;
			sourceTree = "<group>";
		};
		62F437F31517FE71004A3A03 /* LoadImageFromBundle_WithIBWindow */ = {
			isa = PBXGroup;
			children = (
				62F437FC1517FE71004A3A03 /* MHAppDelegate.h */,
				62F437FD1517FE71004A3A03 /* MHAppDelegate.m */,
				62F437F41517FE71004A3A03 /* Supporting Files */,
			);
			path = LoadImageFromBundle_WithIBWindow;
			sourceTree = "<group>";
		};
		62F437F41517FE71004A3A03 /* Supporting Files */ = {
			isa = PBXGroup;
			children = (
				62F437F51517FE71004A3A03 /* LoadImageFromBundle_WithIBWindow-Info.plist */,
				62F437F61517FE71004A3A03 /* InfoPlist.strings */,
				62F437F91517FE71004A3A03 /* main.m */,
				62F437FB1517FE71004A3A03 /* LoadImageFromBundle_WithIBWindow-Prefix.pch */,
			);
			name = "Supporting Files";
			sourceTree = "<group>";
		};
/* End PBXGroup section */

/* Begin PBXNativeTarget section */
		62F437E81517FE71004A3A03 /* LoadImageFromBundle_WithIBWindow */ = {
			isa = PBXNativeTarget;
			buildConfigurationList = 62F438011517FE71004A3A03 /* Build configuration list for PBXNativeTarget "LoadImageFromBundle_WithIBWindow" */;
			buildPhases = (
				62F437E51517FE71004A3A03 /* Sources */,
				62F437E61517FE71004A3A03 /* Frameworks */,
				62F437E71517FE71004A3A03 /* Resources */,
			);
			buildRules = (
			);
			dependencies = (
			);
			name = LoadImageFromBundle_WithIBWindow;
			productName = LoadImageFromBundle_WithIBWindow;
			productReference = 62F437E91517FE71004A3A03 /* LoadImageFromBundle_WithIBWindow.app */;
			productType = "com.apple.product-type.application";
		};
/* End PBXNativeTarget section */

/* Begin PBXProject section */
		62F437E01517FE70004A3A03 /* Project object */ = {
			isa = PBXProject;
			attributes = {
				CLASSPREFIX = MH;
				LastUpgradeCheck = 0430;
			};
			buildConfigurationList = 62F437E31517FE70004A3A03 /* Build configuration list for PBXProject "LoadImageFromBundle_WithIBWindow" */;
			compatibilityVersion = "Xcode 3.2";
			developmentRegion = English;
			hasScannedForEncodings = 0;
			knownRegions = (
				en,
			);
			mainGroup = 62F437DE1517FE70004A3A03;
			productRefGroup = 62F437EA1517FE71004A3A03 /* Products */;
			projectDirPath = "";
			projectRoot = "";
			targets = (
				62F437E81517FE71004A3A03 /* LoadImageFromBundle_WithIBWindow */,
			);
		};
/* End PBXProject section */

/* Begin PBXResourcesBuildPhase section */
		62F437E71517FE71004A3A03 /* Resources */ = {
			isa = PBXResourcesBuildPhase;
			buildActionMask = 2147483647;
			files = (
				62F437F81517FE71004A3A03 /* InfoPlist.strings in Resources */,
			);
			runOnlyForDeploymentPostprocessing = 0;
		};
/* End PBXResourcesBuildPhase section */

/* Begin PBXSourcesBuildPhase section */
		62F437E51517FE71004A3A03 /* Sources */ = {
			isa = PBXSourcesBuildPhase;
			buildActionMask = 2147483647;
			files = (
				62F437FA1517FE71004A3A03 /* main.m in Sources */,
				62F437FE1517FE71004A3A03 /* MHAppDelegate.m in Sources */,
			);
			runOnlyForDeploymentPostprocessing = 0;
		};
/* End PBXSourcesBuildPhase section */

/* Begin PBXVariantGroup section */
		62F437F61517FE71004A3A03 /* InfoPlist.strings */ = {
			isa = PBXVariantGroup;
			children = (
				62F437F71517FE71004A3A03 /* en */,
			);
			name = InfoPlist.strings;
			sourceTree = "<group>";
		};
/* End PBXVariantGroup section */

/* Begin XCBuildConfiguration section */
		62F437FF1517FE71004A3A03 /* Debug */ = {
			isa = XCBuildConfiguration;
			buildSettings = {
				ALWAYS_SEARCH_USER_PATHS = NO;
				ARCHS = "$(ARCHS_STANDARD_32_BIT)";
				CLANG_ENABLE_OBJC_ARC = YES;
				"CODE_SIGN_IDENTITY[sdk=iphoneos*]" = "iPhone Developer";
				COPY_PHASE_STRIP = NO;
				GCC_C_LANGUAGE_STANDARD = gnu99;
				GCC_DYNAMIC_NO_PIC = NO;
				GCC_OPTIMIZATION_LEVEL = 0;
				GCC_PREPROCESSOR_DEFINITIONS = (
					"DEBUG=1",
					"$(inherited)",
				);
				GCC_SYMBOLS_PRIVATE_EXTERN = NO;
				GCC_VERSION = com.apple.compilers.llvm.clang.1_0;
				GCC_WARN_ABOUT_RETURN_TYPE = YES;
				GCC_WARN_UNINITIALIZED_AUTOS = YES;
				GCC_WARN_UNUSED_VARIABLE = YES;
				IPHONEOS_DEPLOYMENT_TARGET = 5.1;
				SDKROOT = iphoneos;
			};
			name = Debug;
		};
		62F438001517FE71004A3A03 /* Release */ = {
			isa = XCBuildConfiguration;
			buildSettings = {
				ALWAYS_SEARCH_USER_PATHS = NO;
				ARCHS = "$(ARCHS_STANDARD_32_BIT)";
				CLANG_ENABLE_OBJC_ARC = YES;
				"CODE_SIGN_IDENTITY[sdk=iphoneos*]" = "iPhone Developer";
				COPY_PHASE_STRIP = YES;
				GCC_C_LANGUAGE_STANDARD = gnu99;
				GCC_VERSION = com.apple.compilers.llvm.clang.1_0;
				GCC_WARN_ABOUT_RETURN_TYPE = YES;
				GCC_WARN_UNINITIALIZED_AUTOS = YES;
				GCC_WARN_UNUSED_VARIABLE = YES;
				IPHONEOS_DEPLOYMENT_TARGET = 5.1;
				OTHER_CFLAGS = "-DNS_BLOCK_ASSERTIONS=1";
				SDKROOT = iphoneos;
				VALIDATE_PRODUCT = YES;
			};
			name = Release;
		};
		62F438021517FE71004A3A03 /* Debug */ = {
			isa = XCBuildConfiguration;
			buildSettings = {
				GCC_PRECOMPILE_PREFIX_HEADER = YES;
				GCC_PREFIX_HEADER = "LoadImageFromBundle_WithIBWindow/LoadImageFromBundle_WithIBWindow-Prefix.pch";
				INFOPLIST_FILE = "LoadImageFromBundle_WithIBWindow/LoadImageFromBundle_WithIBWindow-Info.plist";
				PRODUCT_NAME = "$(TARGET_NAME)";
				WRAPPER_EXTENSION = app;
			};
			name = Debug;
		};
		62F438031517FE71004A3A03 /* Release */ = {
			isa = XCBuildConfiguration;
			buildSettings = {
				GCC_PRECOMPILE_PREFIX_HEADER = YES;
				GCC_PREFIX_HEADER = "LoadImageFromBundle_WithIBWindow/LoadImageFromBundle_WithIBWindow-Prefix.pch";
				INFOPLIST_FILE = "LoadImageFromBundle_WithIBWindow/LoadImageFromBundle_WithIBWindow-Info.plist";
				PRODUCT_NAME = "$(TARGET_NAME)";
				WRAPPER_EXTENSION = app;
			};
			name = Release;
		};
/* End XCBuildConfiguration section */

/* Begin XCConfigurationList section */
		62F437E31517FE70004A3A03 /* Build configuration list for PBXProject "LoadImageFromBundle_WithIBWindow" */ = {
			isa = XCConfigurationList;
			buildConfigurations = (
				62F437FF1517FE71004A3A03 /* Debug */,
				62F438001517FE71004A3A03 /* Release */,
			);
			defaultConfigurationIsVisible = 0;
			defaultConfigurationName = Release;
		};
		62F438011517FE71004A3A03 /* Build configuration list for PBXNativeTarget "LoadImageFromBundle_WithIBWindow" */ = {
			isa = XCConfigurationList;
			buildConfigurations = (
				62F438021517FE71004A3A03 /* Debug */,
				62F438031517FE71004A3A03 /* Release */,
			);
			defaultConfigurationIsVisible = 0;
		};
/* End XCConfigurationList section */
	};
	rootObject = 62F437E01517FE70004A3A03 /* Project object */;
}
